// !$*UTF8*$!
{
	archiveVersion = 1;
	classes = {
	};
	objectVersion = 77;
	objects = {

/* Begin PBXBuildFile section */
		4926D5C92D70F38400236EF1 /* MarkdownUI in Frameworks */ = {isa = PBXBuildFile; productRef = 4926D5C82D70F38400236EF1 /* MarkdownUI */; };
/* End PBXBuildFile section */

/* Begin PBXContainerItemProxy section */
		4926D5512D70DE0E00236EF1 /* PBXContainerItemProxy */ = {
			isa = PBXContainerItemProxy;
			containerPortal = 4926D5382D70DE0D00236EF1 /* Project object */;
			proxyType = 1;
			remoteGlobalIDString = 4926D53F2D70DE0D00236EF1;
			remoteInfo = "Harmony Haven";
		};
		4926D55B2D70DE0E00236EF1 /* PBXContainerItemProxy */ = {
			isa = PBXContainerItemProxy;
			containerPortal = 4926D5382D70DE0D00236EF1 /* Project object */;
			proxyType = 1;
			remoteGlobalIDString = 4926D53F2D70DE0D00236EF1;
			remoteInfo = "Harmony Haven";
		};
/* End PBXContainerItemProxy section */

/* Begin PBXFileReference section */
		4926D5402D70DE0D00236EF1 /* Harmony Haven.app */ = {isa = PBXFileReference; explicitFileType = wrapper.application; includeInIndex = 0; path = "Harmony Haven.app"; sourceTree = BUILT_PRODUCTS_DIR; };
		4926D5502D70DE0E00236EF1 /* Harmony HavenTests.xctest */ = {isa = PBXFileReference; explicitFileType = wrapper.cfbundle; includeInIndex = 0; path = "Harmony HavenTests.xctest"; sourceTree = BUILT_PRODUCTS_DIR; };
		4926D55A2D70DE0E00236EF1 /* Harmony HavenUITests.xctest */ = {isa = PBXFileReference; explicitFileType = wrapper.cfbundle; includeInIndex = 0; path = "Harmony HavenUITests.xctest"; sourceTree = BUILT_PRODUCTS_DIR; };
/* End PBXFileReference section */

/* Begin PBXFileSystemSynchronizedRootGroup section */
		4926D5422D70DE0D00236EF1 /* Harmony Haven */ = {
			isa = PBXFileSystemSynchronizedRootGroup;
			path = "Harmony Haven";
			sourceTree = "<group>";
		};
		4926D5532D70DE0E00236EF1 /* Harmony HavenTests */ = {
			isa = PBXFileSystemSynchronizedRootGroup;
			path = "Harmony HavenTests";
			sourceTree = "<group>";
		};
		4926D55D2D70DE0E00236EF1 /* Harmony HavenUITests */ = {
			isa = PBXFileSystemSynchronizedRootGroup;
			path = "Harmony HavenUITests";
			sourceTree = "<group>";
		};
/* End PBXFileSystemSynchronizedRootGroup section */

/* Begin PBXFrameworksBuildPhase section */
		4926D53D2D70DE0D00236EF1 /* Frameworks */ = {
			isa = PBXFrameworksBuildPhase;
			buildActionMask = 2147483647;
			files = (
				4926D5C92D70F38400236EF1 /* MarkdownUI in Frameworks */,
			);
			runOnlyForDeploymentPostprocessing = 0;
		};
		4926D54D2D70DE0E00236EF1 /* Frameworks */ = {
			isa = PBXFrameworksBuildPhase;
			buildActionMask = 2147483647;
			files = (
			);
			runOnlyForDeploymentPostprocessing = 0;
		};
		4926D5572D70DE0E00236EF1 /* Frameworks */ = {
			isa = PBXFrameworksBuildPhase;
			buildActionMask = 2147483647;
			files = (
			);
			runOnlyForDeploymentPostprocessing = 0;
		};
/* End PBXFrameworksBuildPhase section */

/* Begin PBXGroup section */
		4926D5372D70DE0D00236EF1 = {
			isa = PBXGroup;
			children = (
				4926D5422D70DE0D00236EF1 /* Harmony Haven */,
				4926D5532D70DE0E00236EF1 /* Harmony HavenTests */,
				4926D55D2D70DE0E00236EF1 /* Harmony HavenUITests */,
				4926D5412D70DE0D00236EF1 /* Products */,
			);
			sourceTree = "<group>";
		};
		4926D5412D70DE0D00236EF1 /* Products */ = {
			isa = PBXGroup;
			children = (
				4926D5402D70DE0D00236EF1 /* Harmony Haven.app */,
				4926D5502D70DE0E00236EF1 /* Harmony HavenTests.xctest */,
				4926D55A2D70DE0E00236EF1 /* Harmony HavenUITests.xctest */,
			);
			name = Products;
			sourceTree = "<group>";
		};
/* End PBXGroup section */

/* Begin PBXNativeTarget section */
		4926D53F2D70DE0D00236EF1 /* Harmony Haven */ = {
			isa = PBXNativeTarget;
			buildConfigurationList = 4926D5642D70DE0E00236EF1 /* Build configuration list for PBXNativeTarget "Harmony Haven" */;
			buildPhases = (
				4926D53C2D70DE0D00236EF1 /* Sources */,
				4926D53D2D70DE0D00236EF1 /* Frameworks */,
				4926D53E2D70DE0D00236EF1 /* Resources */,
			);
			buildRules = (
			);
			dependencies = (
			);
			fileSystemSynchronizedGroups = (
				4926D5422D70DE0D00236EF1 /* Harmony Haven */,
			);
			name = "Harmony Haven";
			packageProductDependencies = (
				4926D5C82D70F38400236EF1 /* MarkdownUI */,
			);
			productName = "Harmony Haven";
			productReference = 4926D5402D70DE0D00236EF1 /* Harmony Haven.app */;
			productType = "com.apple.product-type.application";
		};
		4926D54F2D70DE0E00236EF1 /* Harmony HavenTests */ = {
			isa = PBXNativeTarget;
			buildConfigurationList = 4926D5672D70DE0E00236EF1 /* Build configuration list for PBXNativeTarget "Harmony HavenTests" */;
			buildPhases = (
				4926D54C2D70DE0E00236EF1 /* Sources */,
				4926D54D2D70DE0E00236EF1 /* Frameworks */,
				4926D54E2D70DE0E00236EF1 /* Resources */,
			);
			buildRules = (
			);
			dependencies = (
				4926D5522D70DE0E00236EF1 /* PBXTargetDependency */,
			);
			fileSystemSynchronizedGroups = (
				4926D5532D70DE0E00236EF1 /* Harmony HavenTests */,
			);
			name = "Harmony HavenTests";
			packageProductDependencies = (
			);
			productName = "Harmony HavenTests";
			productReference = 4926D5502D70DE0E00236EF1 /* Harmony HavenTests.xctest */;
			productType = "com.apple.product-type.bundle.unit-test";
		};
		4926D5592D70DE0E00236EF1 /* Harmony HavenUITests */ = {
			isa = PBXNativeTarget;
			buildConfigurationList = 4926D56A2D70DE0E00236EF1 /* Build configuration list for PBXNativeTarget "Harmony HavenUITests" */;
			buildPhases = (
				4926D5562D70DE0E00236EF1 /* Sources */,
				4926D5572D70DE0E00236EF1 /* Frameworks */,
				4926D5582D70DE0E00236EF1 /* Resources */,
			);
			buildRules = (
			);
			dependencies = (
				4926D55C2D70DE0E00236EF1 /* PBXTargetDependency */,
			);
			fileSystemSynchronizedGroups = (
				4926D55D2D70DE0E00236EF1 /* Harmony HavenUITests */,
			);
			name = "Harmony HavenUITests";
			packageProductDependencies = (
			);
			productName = "Harmony HavenUITests";
			productReference = 4926D55A2D70DE0E00236EF1 /* Harmony HavenUITests.xctest */;
			productType = "com.apple.product-type.bundle.ui-testing";
		};
/* End PBXNativeTarget section */

/* Begin PBXProject section */
		4926D5382D70DE0D00236EF1 /* Project object */ = {
			isa = PBXProject;
			attributes = {
				BuildIndependentTargetsInParallel = 1;
				LastSwiftUpdateCheck = 1620;
				LastUpgradeCheck = 1620;
				TargetAttributes = {
					4926D53F2D70DE0D00236EF1 = {
						CreatedOnToolsVersion = 16.2;
					};
					4926D54F2D70DE0E00236EF1 = {
						CreatedOnToolsVersion = 16.2;
						TestTargetID = 4926D53F2D70DE0D00236EF1;
					};
					4926D5592D70DE0E00236EF1 = {
						CreatedOnToolsVersion = 16.2;
						TestTargetID = 4926D53F2D70DE0D00236EF1;
					};
				};
			};
			buildConfigurationList = 4926D53B2D70DE0D00236EF1 /* Build configuration list for PBXProject "Harmony Haven" */;
			developmentRegion = en;
			hasScannedForEncodings = 0;
			knownRegions = (
				en,
				Base,
			);
			mainGroup = 4926D5372D70DE0D00236EF1;
			minimizedProjectReferenceProxies = 1;
			packageReferences = (
				4926D5C72D70F38400236EF1 /* XCRemoteSwiftPackageReference "swift-markdown-ui" */,
			);
			preferredProjectObjectVersion = 77;
			productRefGroup = 4926D5412D70DE0D00236EF1 /* Products */;
			projectDirPath = "";
			projectRoot = "";
			targets = (
				4926D53F2D70DE0D00236EF1 /* Harmony Haven */,
				4926D54F2D70DE0E00236EF1 /* Harmony HavenTests */,
				4926D5592D70DE0E00236EF1 /* Harmony HavenUITests */,
			);
		};
/* End PBXProject section */

/* Begin PBXResourcesBuildPhase section */
		4926D53E2D70DE0D00236EF1 /* Resources */ = {
			isa = PBXResourcesBuildPhase;
			buildActionMask = 2147483647;
			files = (
			);
			runOnlyForDeploymentPostprocessing = 0;
		};
		4926D54E2D70DE0E00236EF1 /* Resources */ = {
			isa = PBXResourcesBuildPhase;
			buildActionMask = 2147483647;
			files = (
			);
			runOnlyForDeploymentPostprocessing = 0;
		};
		4926D5582D70DE0E00236EF1 /* Resources */ = {
			isa = PBXResourcesBuildPhase;
			buildActionMask = 2147483647;
			files = (
			);
			runOnlyForDeploymentPostprocessing = 0;
		};
/* End PBXResourcesBuildPhase section */

/* Begin PBXSourcesBuildPhase section */
		4926D53C2D70DE0D00236EF1 /* Sources */ = {
			isa = PBXSourcesBuildPhase;
			buildActionMask = 2147483647;
			files = (
			);
			runOnlyForDeploymentPostprocessing = 0;
		};
		4926D54C2D70DE0E00236EF1 /* Sources */ = {
			isa = PBXSourcesBuildPhase;
			buildActionMask = 2147483647;
			files = (
			);
			runOnlyForDeploymentPostprocessing = 0;
		};
		4926D5562D70DE0E00236EF1 /* Sources */ = {
			isa = PBXSourcesBuildPhase;
			buildActionMask = 2147483647;
			files = (
			);
			runOnlyForDeploymentPostprocessing = 0;
		};
/* End PBXSourcesBuildPhase section */

/* Begin PBXTargetDependency section */
		4926D5522D70DE0E00236EF1 /* PBXTargetDependency */ = {
			isa = PBXTargetDependency;
			target = 4926D53F2D70DE0D00236EF1 /* Harmony Haven */;
			targetProxy = 4926D5512D70DE0E00236EF1 /* PBXContainerItemProxy */;
		};
		4926D55C2D70DE0E00236EF1 /* PBXTargetDependency */ = {
			isa = PBXTargetDependency;
			target = 4926D53F2D70DE0D00236EF1 /* Harmony Haven */;
			targetProxy = 4926D55B2D70DE0E00236EF1 /* PBXContainerItemProxy */;
		};
/* End PBXTargetDependency section */

/* Begin XCBuildConfiguration section */
		4926D5622D70DE0E00236EF1 /* Debug */ = {
			isa = XCBuildConfiguration;
			buildSettings = {
				ALWAYS_SEARCH_USER_PATHS = NO;
				ASSETCATALOG_COMPILER_GENERATE_SWIFT_ASSET_SYMBOL_EXTENSIONS = YES;
				CLANG_ANALYZER_NONNULL = YES;
				CLANG_ANALYZER_NUMBER_OBJECT_CONVERSION = YES_AGGRESSIVE;
				CLANG_CXX_LANGUAGE_STANDARD = "gnu++20";
				CLANG_ENABLE_MODULES = YES;
				CLANG_ENABLE_OBJC_ARC = YES;
				CLANG_ENABLE_OBJC_WEAK = YES;
				CLANG_WARN_BLOCK_CAPTURE_AUTORELEASING = YES;
				CLANG_WARN_BOOL_CONVERSION = YES;
				CLANG_WARN_COMMA = YES;
				CLANG_WARN_CONSTANT_CONVERSION = YES;
				CLANG_WARN_DEPRECATED_OBJC_IMPLEMENTATIONS = YES;
				CLANG_WARN_DIRECT_OBJC_ISA_USAGE = YES_ERROR;
				CLANG_WARN_DOCUMENTATION_COMMENTS = YES;
				CLANG_WARN_EMPTY_BODY = YES;
				CLANG_WARN_ENUM_CONVERSION = YES;
				CLANG_WARN_INFINITE_RECURSION = YES;
				CLANG_WARN_INT_CONVERSION = YES;
				CLANG_WARN_NON_LITERAL_NULL_CONVERSION = YES;
				CLANG_WARN_OBJC_IMPLICIT_RETAIN_SELF = YES;
				CLANG_WARN_OBJC_LITERAL_CONVERSION = YES;
				CLANG_WARN_OBJC_ROOT_CLASS = YES_ERROR;
				CLANG_WARN_QUOTED_INCLUDE_IN_FRAMEWORK_HEADER = YES;
				CLANG_WARN_RANGE_LOOP_ANALYSIS = YES;
				CLANG_WARN_STRICT_PROTOTYPES = YES;
				CLANG_WARN_SUSPICIOUS_MOVE = YES;
				CLANG_WARN_UNGUARDED_AVAILABILITY = YES_AGGRESSIVE;
				CLANG_WARN_UNREACHABLE_CODE = YES;
				CLANG_WARN__DUPLICATE_METHOD_MATCH = YES;
				COPY_PHASE_STRIP = NO;
				DEBUG_INFORMATION_FORMAT = dwarf;
				ENABLE_STRICT_OBJC_MSGSEND = YES;
				ENABLE_TESTABILITY = YES;
				ENABLE_USER_SCRIPT_SANDBOXING = YES;
				GCC_C_LANGUAGE_STANDARD = gnu17;
				GCC_DYNAMIC_NO_PIC = NO;
				GCC_NO_COMMON_BLOCKS = YES;
				GCC_OPTIMIZATION_LEVEL = 0;
				GCC_PREPROCESSOR_DEFINITIONS = (
					"DEBUG=1",
					"$(inherited)",
				);
				GCC_WARN_64_TO_32_BIT_CONVERSION = YES;
				GCC_WARN_ABOUT_RETURN_TYPE = YES_ERROR;
				GCC_WARN_UNDECLARED_SELECTOR = YES;
				GCC_WARN_UNINITIALIZED_AUTOS = YES_AGGRESSIVE;
				GCC_WARN_UNUSED_FUNCTION = YES;
				GCC_WARN_UNUSED_VARIABLE = YES;
				IPHONEOS_DEPLOYMENT_TARGET = 18.2;
				LOCALIZATION_PREFERS_STRING_CATALOGS = YES;
				MTL_ENABLE_DEBUG_INFO = INCLUDE_SOURCE;
				MTL_FAST_MATH = YES;
				ONLY_ACTIVE_ARCH = YES;
				SDKROOT = iphoneos;
				SWIFT_ACTIVE_COMPILATION_CONDITIONS = "DEBUG $(inherited)";
				SWIFT_OPTIMIZATION_LEVEL = "-Onone";
			};
			name = Debug;
		};
		4926D5632D70DE0E00236EF1 /* Release */ = {
			isa = XCBuildConfiguration;
			buildSettings = {
				ALWAYS_SEARCH_USER_PATHS = NO;
				ASSETCATALOG_COMPILER_GENERATE_SWIFT_ASSET_SYMBOL_EXTENSIONS = YES;
				CLANG_ANALYZER_NONNULL = YES;
				CLANG_ANALYZER_NUMBER_OBJECT_CONVERSION = YES_AGGRESSIVE;
				CLANG_CXX_LANGUAGE_STANDARD = "gnu++20";
				CLANG_ENABLE_MODULES = YES;
				CLANG_ENABLE_OBJC_ARC = YES;
				CLANG_ENABLE_OBJC_WEAK = YES;
				CLANG_WARN_BLOCK_CAPTURE_AUTORELEASING = YES;
				CLANG_WARN_BOOL_CONVERSION = YES;
				CLANG_WARN_COMMA = YES;
				CLANG_WARN_CONSTANT_CONVERSION = YES;
				CLANG_WARN_DEPRECATED_OBJC_IMPLEMENTATIONS = YES;
				CLANG_WARN_DIRECT_OBJC_ISA_USAGE = YES_ERROR;
				CLANG_WARN_DOCUMENTATION_COMMENTS = YES;
				CLANG_WARN_EMPTY_BODY = YES;
				CLANG_WARN_ENUM_CONVERSION = YES;
				CLANG_WARN_INFINITE_RECURSION = YES;
				CLANG_WARN_INT_CONVERSION = YES;
				CLANG_WARN_NON_LITERAL_NULL_CONVERSION = YES;
				CLANG_WARN_OBJC_IMPLICIT_RETAIN_SELF = YES;
				CLANG_WARN_OBJC_LITERAL_CONVERSION = YES;
				CLANG_WARN_OBJC_ROOT_CLASS = YES_ERROR;
				CLANG_WARN_QUOTED_INCLUDE_IN_FRAMEWORK_HEADER = YES;
				CLANG_WARN_RANGE_LOOP_ANALYSIS = YES;
				CLANG_WARN_STRICT_PROTOTYPES = YES;
				CLANG_WARN_SUSPICIOUS_MOVE = YES;
				CLANG_WARN_UNGUARDED_AVAILABILITY = YES_AGGRESSIVE;
				CLANG_WARN_UNREACHABLE_CODE = YES;
				CLANG_WARN__DUPLICATE_METHOD_MATCH = YES;
				COPY_PHASE_STRIP = NO;
				DEBUG_INFORMATION_FORMAT = "dwarf-with-dsym";
				ENABLE_NS_ASSERTIONS = NO;
				ENABLE_STRICT_OBJC_MSGSEND = YES;
				ENABLE_USER_SCRIPT_SANDBOXING = YES;
				GCC_C_LANGUAGE_STANDARD = gnu17;
				GCC_NO_COMMON_BLOCKS = YES;
				GCC_WARN_64_TO_32_BIT_CONVERSION = YES;
				GCC_WARN_ABOUT_RETURN_TYPE = YES_ERROR;
				GCC_WARN_UNDECLARED_SELECTOR = YES;
				GCC_WARN_UNINITIALIZED_AUTOS = YES_AGGRESSIVE;
				GCC_WARN_UNUSED_FUNCTION = YES;
				GCC_WARN_UNUSED_VARIABLE = YES;
				IPHONEOS_DEPLOYMENT_TARGET = 18.2;
				LOCALIZATION_PREFERS_STRING_CATALOGS = YES;
				MTL_ENABLE_DEBUG_INFO = NO;
				MTL_FAST_MATH = YES;
				SDKROOT = iphoneos;
				SWIFT_COMPILATION_MODE = wholemodule;
				VALIDATE_PRODUCT = YES;
			};
			name = Release;
		};
		4926D5652D70DE0E00236EF1 /* Debug */ = {
			isa = XCBuildConfiguration;
			buildSettings = {
				ASSETCATALOG_COMPILER_APPICON_NAME = AppIcon;
				ASSETCATALOG_COMPILER_GLOBAL_ACCENT_COLOR_NAME = AccentColor;
				CODE_SIGN_STYLE = Automatic;
				CURRENT_PROJECT_VERSION = 1;
				DEVELOPMENT_ASSET_PATHS = "\"Harmony Haven/Preview Content\"";
				ENABLE_PREVIEWS = YES;
				GENERATE_INFOPLIST_FILE = YES;
				INFOPLIST_KEY_UIApplicationSceneManifest_Generation = YES;
				INFOPLIST_KEY_UIApplicationSupportsIndirectInputEvents = YES;
				INFOPLIST_KEY_UILaunchScreen_Generation = YES;
				INFOPLIST_KEY_UISupportedInterfaceOrientations_iPad = "UIInterfaceOrientationPortrait UIInterfaceOrientationPortraitUpsideDown UIInterfaceOrientationLandscapeLeft UIInterfaceOrientationLandscapeRight";
				INFOPLIST_KEY_UISupportedInterfaceOrientations_iPhone = "UIInterfaceOrientationPortrait UIInterfaceOrientationLandscapeLeft UIInterfaceOrientationLandscapeRight";
				LD_RUNPATH_SEARCH_PATHS = (
					"$(inherited)",
					"@executable_path/Frameworks",
				);
				MARKETING_VERSION = 1.0;
				PRODUCT_BUNDLE_IDENTIFIER = "com.erdemserhat.Harmony-Haven";
				PRODUCT_NAME = "$(TARGET_NAME)";
				SWIFT_EMIT_LOC_STRINGS = YES;
				SWIFT_VERSION = 5.0;
				TARGETED_DEVICE_FAMILY = "1,2";
			};
			name = Debug;
		};
		4926D5662D70DE0E00236EF1 /* Release */ = {
			isa = XCBuildConfiguration;
			buildSettings = {
				ASSETCATALOG_COMPILER_APPICON_NAME = AppIcon;
				ASSETCATALOG_COMPILER_GLOBAL_ACCENT_COLOR_NAME = AccentColor;
				CODE_SIGN_STYLE = Automatic;
				CURRENT_PROJECT_VERSION = 1;
				DEVELOPMENT_ASSET_PATHS = "\"Harmony Haven/Preview Content\"";
				ENABLE_PREVIEWS = YES;
				GENERATE_INFOPLIST_FILE = YES;
				INFOPLIST_KEY_UIApplicationSceneManifest_Generation = YES;
				INFOPLIST_KEY_UIApplicationSupportsIndirectInputEvents = YES;
				INFOPLIST_KEY_UILaunchScreen_Generation = YES;
				INFOPLIST_KEY_UISupportedInterfaceOrientations_iPad = "UIInterfaceOrientationPortrait UIInterfaceOrientationPortraitUpsideDown UIInterfaceOrientationLandscapeLeft UIInterfaceOrientationLandscapeRight";
				INFOPLIST_KEY_UISupportedInterfaceOrientations_iPhone = "UIInterfaceOrientationPortrait UIInterfaceOrientationLandscapeLeft UIInterfaceOrientationLandscapeRight";
				LD_RUNPATH_SEARCH_PATHS = (
					"$(inherited)",
					"@executable_path/Frameworks",
				);
				MARKETING_VERSION = 1.0;
				PRODUCT_BUNDLE_IDENTIFIER = "com.erdemserhat.Harmony-Haven";
				PRODUCT_NAME = "$(TARGET_NAME)";
				SWIFT_EMIT_LOC_STRINGS = YES;
				SWIFT_VERSION = 5.0;
				TARGETED_DEVICE_FAMILY = "1,2";
			};
			name = Release;
		};
		4926D5682D70DE0E00236EF1 /* Debug */ = {
			isa = XCBuildConfiguration;
			buildSettings = {
				BUNDLE_LOADER = "$(TEST_HOST)";
				CODE_SIGN_STYLE = Automatic;
				CURRENT_PROJECT_VERSION = 1;
				GENERATE_INFOPLIST_FILE = YES;
				IPHONEOS_DEPLOYMENT_TARGET = 18.2;
				MARKETING_VERSION = 1.0;
				PRODUCT_BUNDLE_IDENTIFIER = "com.erdemserhat.Harmony-HavenTests";
				PRODUCT_NAME = "$(TARGET_NAME)";
				SWIFT_EMIT_LOC_STRINGS = NO;
				SWIFT_VERSION = 5.0;
				TARGETED_DEVICE_FAMILY = "1,2";
				TEST_HOST = "$(BUILT_PRODUCTS_DIR)/Harmony Haven.app/$(BUNDLE_EXECUTABLE_FOLDER_PATH)/Harmony Haven";
			};
			name = Debug;
		};
		4926D5692D70DE0E00236EF1 /* Release */ = {
			isa = XCBuildConfiguration;
			buildSettings = {
				BUNDLE_LOADER = "$(TEST_HOST)";
				CODE_SIGN_STYLE = Automatic;
				CURRENT_PROJECT_VERSION = 1;
				GENERATE_INFOPLIST_FILE = YES;
				IPHONEOS_DEPLOYMENT_TARGET = 18.2;
				MARKETING_VERSION = 1.0;
				PRODUCT_BUNDLE_IDENTIFIER = "com.erdemserhat.Harmony-HavenTests";
				PRODUCT_NAME = "$(TARGET_NAME)";
				SWIFT_EMIT_LOC_STRINGS = NO;
				SWIFT_VERSION = 5.0;
				TARGETED_DEVICE_FAMILY = "1,2";
				TEST_HOST = "$(BUILT_PRODUCTS_DIR)/Harmony Haven.app/$(BUNDLE_EXECUTABLE_FOLDER_PATH)/Harmony Haven";
			};
			name = Release;
		};
		4926D56B2D70DE0E00236EF1 /* Debug */ = {
			isa = XCBuildConfiguration;
			buildSettings = {
				CODE_SIGN_STYLE = Automatic;
				CURRENT_PROJECT_VERSION = 1;
				GENERATE_INFOPLIST_FILE = YES;
				MARKETING_VERSION = 1.0;
				PRODUCT_BUNDLE_IDENTIFIER = "com.erdemserhat.Harmony-HavenUITests";
				PRODUCT_NAME = "$(TARGET_NAME)";
				SWIFT_EMIT_LOC_STRINGS = NO;
				SWIFT_VERSION = 5.0;
				TARGETED_DEVICE_FAMILY = "1,2";
				TEST_TARGET_NAME = "Harmony Haven";
			};
			name = Debug;
		};
		4926D56C2D70DE0E00236EF1 /* Release */ = {
			isa = XCBuildConfiguration;
			buildSettings = {
				CODE_SIGN_STYLE = Automatic;
				CURRENT_PROJECT_VERSION = 1;
				GENERATE_INFOPLIST_FILE = YES;
				MARKETING_VERSION = 1.0;
				PRODUCT_BUNDLE_IDENTIFIER = "com.erdemserhat.Harmony-HavenUITests";
				PRODUCT_NAME = "$(TARGET_NAME)";
				SWIFT_EMIT_LOC_STRINGS = NO;
				SWIFT_VERSION = 5.0;
				TARGETED_DEVICE_FAMILY = "1,2";
				TEST_TARGET_NAME = "Harmony Haven";
			};
			name = Release;
		};
/* End XCBuildConfiguration section */

/* Begin XCConfigurationList section */
		4926D53B2D70DE0D00236EF1 /* Build configuration list for PBXProject "Harmony Haven" */ = {
			isa = XCConfigurationList;
			buildConfigurations = (
				4926D5622D70DE0E00236EF1 /* Debug */,
				4926D5632D70DE0E00236EF1 /* Release */,
			);
			defaultConfigurationIsVisible = 0;
			defaultConfigurationName = Release;
		};
		4926D5642D70DE0E00236EF1 /* Build configuration list for PBXNativeTarget "Harmony Haven" */ = {
			isa = XCConfigurationList;
			buildConfigurations = (
				4926D5652D70DE0E00236EF1 /* Debug */,
				4926D5662D70DE0E00236EF1 /* Release */,
			);
			defaultConfigurationIsVisible = 0;
			defaultConfigurationName = Release;
		};
		4926D5672D70DE0E00236EF1 /* Build configuration list for PBXNativeTarget "Harmony HavenTests" */ = {
			isa = XCConfigurationList;
			buildConfigurations = (
				4926D5682D70DE0E00236EF1 /* Debug */,
				4926D5692D70DE0E00236EF1 /* Release */,
			);
			defaultConfigurationIsVisible = 0;
			defaultConfigurationName = Release;
		};
		4926D56A2D70DE0E00236EF1 /* Build configuration list for PBXNativeTarget "Harmony HavenUITests" */ = {
			isa = XCConfigurationList;
			buildConfigurations = (
				4926D56B2D70DE0E00236EF1 /* Debug */,
				4926D56C2D70DE0E00236EF1 /* Release */,
			);
			defaultConfigurationIsVisible = 0;
			defaultConfigurationName = Release;
		};
/* End XCConfigurationList section */

/* Begin XCRemoteSwiftPackageReference section */
		4926D5C72D70F38400236EF1 /* XCRemoteSwiftPackageReference "swift-markdown-ui" */ = {
			isa = XCRemoteSwiftPackageReference;
			repositoryURL = "https://github.com/gonzalezreal/swift-markdown-ui";
			requirement = {
				kind = upToNextMajorVersion;
				minimumVersion = 2.4.1;
			};
		};
/* End XCRemoteSwiftPackageReference section */

/* Begin XCSwiftPackageProductDependency section */
		4926D5C82D70F38400236EF1 /* MarkdownUI */ = {
			isa = XCSwiftPackageProductDependency;
			package = 4926D5C72D70F38400236EF1 /* XCRemoteSwiftPackageReference "swift-markdown-ui" */;
			productName = MarkdownUI;
		};
/* End XCSwiftPackageProductDependency section */
	};
	rootObject = 4926D5382D70DE0D00236EF1 /* Project object */;
}
